lockfileVersion: '6.0'

dependencies:
  '@bufbuild/buf':
    specifier: ^1.26.1
    version: 1.26.1
  '@sinclair/typebox':
    specifier: ^0.31.18
    version: 0.31.18

packages:

  /@bufbuild/buf-darwin-arm64@1.26.1:
    resolution: {integrity: sha512-nmyWiT/59RFja0ZuXFxjNGoAMDPTApU66CZUUevkFVWbNB9nzeQDjx2vsJyACY64k5fTgZiaelSiyppwObQknw==}
    engines: {node: '>=12'}
    cpu: [arm64]
    os: [darwin]
    requiresBuild: true
    dev: false
    optional: true

  /@bufbuild/buf-darwin-x64@1.26.1:
    resolution: {integrity: sha512-jl5WmUv30OW8JiRLid9+mVx1XVH0XttpUfkQfmqDFdUHGfdy4XWYK8kr84YyWu0SiMTIt1mPXkqG5UM3x+tdIQ==}
    engines: {node: '>=12'}
    cpu: [x64]
    os: [darwin]
    requiresBuild: true
    dev: false
    optional: true

  /@bufbuild/buf-linux-aarch64@1.26.1:
    resolution: {integrity: sha512-EedR2KDW/yDIxQKWuq1Y/g7IuwTgvelqylGVO7muMxt2JWShobyUaU6GIU8JB4yhIbqRQYCL2KqBsvDJbJtCUw==}
    engines: {node: '>=12'}
    cpu: [arm64]
    os: [linux]
    requiresBuild: true
    dev: false
    optional: true

  /@bufbuild/buf-linux-x64@1.26.1:
    resolution: {integrity: sha512-5iFL+MmWqR4cBLVNpgsjRecdHgcTxFaIkVYlQV9q8acbaJn5rgOIjUr1tzcBao9YsL3rdBhHvKkgnQ9gi1IiTw==}
    engines: {node: '>=12'}
    cpu: [x64]
    os: [linux]
    requiresBuild: true
    dev: false
    optional: true

  /@bufbuild/buf-win32-arm64@1.26.1:
    resolution: {integrity: sha512-/ayymSD12gBetN98ErkH0CBGRLTmtYAp4fmbPuvq8zuJcL0eiAnK6d7ZFjTc+vDMuKY/aelQN7dj9WhzdYAQSQ==}
    engines: {node: '>=12'}
    cpu: [arm64]
    os: [win32]
    requiresBuild: true
    dev: false
    optional: true

  /@bufbuild/buf-win32-x64@1.26.1:
    resolution: {integrity: sha512-k9Dy3Z9P96wYR43lUhUo0jbjMSo001+MRBlsadEYiw85POqx6RWVaGyHLrxC2Ly7g+aGMisey050OjqfCWtKTA==}
    engines: {node: '>=12'}
    cpu: [x64]
    os: [win32]
    requiresBuild: true
    dev: false
    optional: true

  /@bufbuild/buf@1.26.1:
    resolution: {integrity: sha512-NyYx4T//3ndtFYV3BfqX9Xrm1NZEx3eChXniAKc/osCVViFooC5nuLQUbyqglMonH0w39RohiURMXN+e/oEB4g==}
    engines: {node: '>=12'}
    hasBin: true
    requiresBuild: true
    optionalDependencies:
      '@bufbuild/buf-darwin-arm64': 1.26.1
      '@bufbuild/buf-darwin-x64': 1.26.1
      '@bufbuild/buf-linux-aarch64': 1.26.1
      '@bufbuild/buf-linux-x64': 1.26.1
      '@bufbuild/buf-win32-arm64': 1.26.1
      '@bufbuild/buf-win32-x64': 1.26.1
    dev: false

  /@sinclair/typebox@0.31.18:
    resolution: {integrity: sha512-p2JGz+SciGJVl1zokCIK15f7LYDrI2ZsxItcLhkAyx50hEYEj/Qdy7z30qRYiakzdIu8dV4DfBi+e6xEZuugiQ==}
    dev: false

settings:
  autoInstallPeers: true
  excludeLinksFromLockfile: false
