lockfileVersion: '6.0'

settings:
  autoInstallPeers: true
  excludeLinksFromLockfile: false

dependencies:
  '@bufbuild/protobuf':
    specifier: ^1.5.0
    version: 1.5.0
  '@bufbuild/protoplugin':
    specifier: ^1.5.0
    version: 1.5.0
  saacs-es:
    specifier: workspace:^
    version: link:../../saacs-es

devDependencies:
  '@types/node':
    specifier: ^20.10.1
    version: 20.10.3
  typescript:
    specifier: ^5.3.2
    version: 5.3.2

packages:

  /@bufbuild/protobuf@1.5.0:
    resolution: {integrity: sha512-0Jg+B7Vl8YGCi7c3iZ8/38iTbZrwdU7or6QZlsA9lhSrhumaXOTMsGO8gqwDuus/THEkTiY3Uxn+PEJwgsLt0w==}
    dev: false

  /@bufbuild/protoplugin@1.5.0:
    resolution: {integrity: sha512-b07uxUfWUHm91PrN7dMMSmO+2RH21kPo+EhczGDR3PDh2t80e4XCZhf3Z/6SM/+ajhVpbl/WNK+z645jsSnGPg==}
    dependencies:
      '@bufbuild/protobuf': 1.5.0
      '@typescript/vfs': 1.5.0
      typescript: 4.5.2
    transitivePeerDependencies:
      - supports-color
    dev: false

  /@types/node@20.10.3:
    resolution: {integrity: sha512-XJavIpZqiXID5Yxnxv3RUDKTN5b81ddNC3ecsA0SoFXz/QU8OGBwZGMomiq0zw+uuqbL/krztv/DINAQ/EV4gg==}
    dependencies:
      undici-types: 5.26.5
    dev: true

  /@typescript/vfs@1.5.0:
    resolution: {integrity: sha512-AJS307bPgbsZZ9ggCT3wwpg3VbTKMFNHfaY/uF0ahSkYYrPF2dSSKDNIDIQAHm9qJqbLvCsSJH7yN4Vs/CsMMg==}
    dependencies:
      debug: 4.3.4
    transitivePeerDependencies:
      - supports-color
    dev: false

  /debug@4.3.4:
    resolution: {integrity: sha512-PRWFHuSU3eDtQJPvnNY7Jcket1j0t5OuOsFzPPzsekD52Zl8qUfFIPEiswXqIvHWGVHOgX+7G/vCNNhehwxfkQ==}
    engines: {node: '>=6.0'}
    peerDependencies:
      supports-color: '*'
    peerDependenciesMeta:
      supports-color:
        optional: true
    dependencies:
      ms: 2.1.2
    dev: false

  /ms@2.1.2:
    resolution: {integrity: sha512-sGkPx+VjMtmA6MX27oA4FBFELFCZZ4S4XqeGOXCv68tT+jb3vk/RyaKWP0PTKyWtmLSM0b+adUTEvbs1PEaH2w==}
    dev: false

  /typescript@4.5.2:
    resolution: {integrity: sha512-5BlMof9H1yGt0P8/WF+wPNw6GfctgGjXp5hkblpyT+8rkASSmkUKMXrxR0Xg8ThVCi/JnHQiKXeBaEwCeQwMFw==}
    engines: {node: '>=4.2.0'}
    hasBin: true
    dev: false

  /typescript@5.3.2:
    resolution: {integrity: sha512-6l+RyNy7oAHDfxC4FzSJcz9vnjTKxrLpDG5M2Vu4SHRVNg6xzqZp6LYSR9zjqQTu8DU/f5xwxUdADOkbrIX2gQ==}
    engines: {node: '>=14.17'}
    hasBin: true
    dev: true

  /undici-types@5.26.5:
    resolution: {integrity: sha512-JlCMO+ehdEIKqlFxk6IfVoAUVmgz7cU7zD/h9XZ0qzeosSHmUJVOzSQvvYSYWXkFXC+IfLKSIffhv0sVZup6pA==}
    dev: true
